name: generate-pnpm-lock

on:
  pull_request:

permissions:
  contents: read

jobs:
  generate:
    runs-on: ubuntu-latest
    steps:
      - uses: actions/checkout@v4
      - uses: pnpm/action-setup@v4
      - uses: actions/setup-node@v4
        with:
          node-version: 22
      - run: pnpm install --lockfile-only --no-frozen-lockfile
      - uses: actions/upload-artifact@v4
        with:
          name: pnpm-lock-generated
          path: pnpm-lock.yaml
          if-no-files-found: error
          retention-days: 1
